
Microsoft Visual Studio Solution File, Format Version 12.00
# Visual Studio Version 17
VisualStudioVersion = 17.14.36221.1
MinimumVisualStudioVersion = 10.0.40219.1
Project("{FAE04EC0-301F-11D3-BF4B-00C04F79EFBC}") = "SignalBooster", "SignalBooster\SignalBooster.csproj", "{F4ECA60B-9D02-418E-896A-0FF9666FC6F9}"
EndProject
Project("{FAE04EC0-301F-11D3-BF4B-00C04F79EFBC}") = "Application", "Application\Application.csproj", "{916694FC-21F8-4E68-8F80-ECAF0F23A218}"
EndProject
Project("{FAE04EC0-301F-11D3-BF4B-00C04F79EFBC}") = "Domain", "Domain\Domain.csproj", "{B2E47DA2-9D24-466F-911D-C2C7B4051CD3}"
EndProject
Project("{2150E333-8FDC-42A3-9474-1A3956D46DE8}") = "Solution", "Solution", "{02EA681E-C7D8-13C7-8484-4AC65E1B71E8}"
	ProjectSection(SolutionItems) = preProject
		gitignore = gitignore
	EndProjectSection
EndProject
Project("{FAE04EC0-301F-11D3-BF4B-00C04F79EFBC}") = "SignalBoosterUnitTests", "SignalBoosterUnitTests\SignalBoosterUnitTests.csproj", "{EEB03F6B-0987-4BE4-A762-079FA88329A7}"
EndProject
Global
	GlobalSection(SolutionConfigurationPlatforms) = preSolution
		Debug|Any CPU = Debug|Any CPU
		Release|Any CPU = Release|Any CPU
	EndGlobalSection
	GlobalSection(ProjectConfigurationPlatforms) = postSolution
		{F4ECA60B-9D02-418E-896A-0FF9666FC6F9}.Debug|Any CPU.ActiveCfg = Debug|Any CPU
		{F4ECA60B-9D02-418E-896A-0FF9666FC6F9}.Debug|Any CPU.Build.0 = Debug|Any CPU
		{F4ECA60B-9D02-418E-896A-0FF9666FC6F9}.Release|Any CPU.ActiveCfg = Release|Any CPU
		{F4ECA60B-9D02-418E-896A-0FF9666FC6F9}.Release|Any CPU.Build.0 = Release|Any CPU
		{916694FC-21F8-4E68-8F80-ECAF0F23A218}.Debug|Any CPU.ActiveCfg = Debug|Any CPU
		{916694FC-21F8-4E68-8F80-ECAF0F23A218}.Debug|Any CPU.Build.0 = Debug|Any CPU
		{916694FC-21F8-4E68-8F80-ECAF0F23A218}.Release|Any CPU.ActiveCfg = Release|Any CPU
		{916694FC-21F8-4E68-8F80-ECAF0F23A218}.Release|Any CPU.Build.0 = Release|Any CPU
		{B2E47DA2-9D24-466F-911D-C2C7B4051CD3}.Debug|Any CPU.ActiveCfg = Debug|Any CPU
		{B2E47DA2-9D24-466F-911D-C2C7B4051CD3}.Debug|Any CPU.Build.0 = Debug|Any CPU
		{B2E47DA2-9D24-466F-911D-C2C7B4051CD3}.Release|Any CPU.ActiveCfg = Release|Any CPU
		{B2E47DA2-9D24-466F-911D-C2C7B4051CD3}.Release|Any CPU.Build.0 = Release|Any CPU
		{EEB03F6B-0987-4BE4-A762-079FA88329A7}.Debug|Any CPU.ActiveCfg = Debug|Any CPU
		{EEB03F6B-0987-4BE4-A762-079FA88329A7}.Debug|Any CPU.Build.0 = Debug|Any CPU
		{EEB03F6B-0987-4BE4-A762-079FA88329A7}.Release|Any CPU.ActiveCfg = Release|Any CPU
		{EEB03F6B-0987-4BE4-A762-079FA88329A7}.Release|Any CPU.Build.0 = Release|Any CPU
	EndGlobalSection
	GlobalSection(SolutionProperties) = preSolution
		HideSolutionNode = FALSE
	EndGlobalSection
	GlobalSection(ExtensibilityGlobals) = postSolution
		SolutionGuid = {6E279225-E664-4CC3-99A9-3326D9F5308C}
	EndGlobalSection
EndGlobal
